version = 1
revision = 1
requires-python = ">=3.13"

[[package]]
name = "gel-auth-fastapi"
version = "0.1.0"
source = { directory = "../../" }

[[package]]
name = "gel-auth-fastapi-basic-async"
version = "0.1.0"
source = { virtual = "." }
dependencies = [
    { name = "gel-auth-fastapi" },
]

[package.metadata]
requires-dist = [{ name = "gel-auth-fastapi", directory = "../../" }]
